
Microsoft Visual Studio Solution File, Format Version 12.00
# Visual Studio Version 16
VisualStudioVersion = 16.0.29230.47
MinimumVisualStudioVersion = 10.0.40219.1
Project("{FAE04EC0-301F-11D3-BF4B-00C04F79EFBC}") = "simpleio", "simpleio.csproj", "{92F6128A-B059-47B1-BD82-80A7A93A06D0}"
EndProject
Global
	GlobalSection(SolutionConfigurationPlatforms) = preSolution
		Debug|Any CPU = Debug|Any CPU
		Release|Any CPU = Release|Any CPU
	EndGlobalSection
	GlobalSection(ProjectConfigurationPlatforms) = postSolution
		{92F6128A-B059-47B1-BD82-80A7A93A06D0}.Debug|Any CPU.ActiveCfg = Debug|Any CPU
		{92F6128A-B059-47B1-BD82-80A7A93A06D0}.Debug|Any CPU.Build.0 = Debug|Any CPU
		{92F6128A-B059-47B1-BD82-80A7A93A06D0}.Release|Any CPU.ActiveCfg = Release|Any CPU
		{92F6128A-B059-47B1-BD82-80A7A93A06D0}.Release|Any CPU.Build.0 = Release|Any CPU
	EndGlobalSection
	GlobalSection(SolutionProperties) = preSolution
		HideSolutionNode = FALSE
	EndGlobalSection
	GlobalSection(ExtensibilityGlobals) = postSolution
		SolutionGuid = {32179E8F-51E4-492B-9F11-8A7EA595E45C}
	EndGlobalSection
EndGlobal
